
Microsoft Visual Studio Solution File, Format Version 12.00
# Visual Studio Version 17
VisualStudioVersion = 17.12.35521.163 d17.12
MinimumVisualStudioVersion = 10.0.40219.1
Project("{FAE04EC0-301F-11D3-BF4B-00C04F79EFBC}") = "AoC_2024_01", "AoC_2024_01.csproj", "{D1F5F65F-698B-4F2A-B285-9C8131A13188}"
EndProject
Global
	GlobalSection(SolutionConfigurationPlatforms) = preSolution
		Debug|Any CPU = Debug|Any CPU
		Release|Any CPU = Release|Any CPU
	EndGlobalSection
	GlobalSection(ProjectConfigurationPlatforms) = postSolution
		{D1F5F65F-698B-4F2A-B285-9C8131A13188}.Debug|Any CPU.ActiveCfg = Debug|Any CPU
		{D1F5F65F-698B-4F2A-B285-9C8131A13188}.Debug|Any CPU.Build.0 = Debug|Any CPU
		{D1F5F65F-698B-4F2A-B285-9C8131A13188}.Release|Any CPU.ActiveCfg = Release|Any CPU
		{D1F5F65F-698B-4F2A-B285-9C8131A13188}.Release|Any CPU.Build.0 = Release|Any CPU
	EndGlobalSection
	GlobalSection(SolutionProperties) = preSolution
		HideSolutionNode = FALSE
	EndGlobalSection
EndGlobal
