
Microsoft Visual Studio Solution File, Format Version 12.00
# Visual Studio Version 17
VisualStudioVersion = 17.13.35931.197 d17.13
MinimumVisualStudioVersion = 10.0.40219.1
Project("{FAE04EC0-301F-11D3-BF4B-00C04F79EFBC}") = "AoC_2024_24", "AoC_2024_24\AoC_2024_24.csproj", "{84B4C7D5-6148-4782-AE3B-BB1AEF0EA4EA}"
EndProject
Global
	GlobalSection(SolutionConfigurationPlatforms) = preSolution
		Debug|Any CPU = Debug|Any CPU
		Release|Any CPU = Release|Any CPU
	EndGlobalSection
	GlobalSection(ProjectConfigurationPlatforms) = postSolution
		{84B4C7D5-6148-4782-AE3B-BB1AEF0EA4EA}.Debug|Any CPU.ActiveCfg = Debug|Any CPU
		{84B4C7D5-6148-4782-AE3B-BB1AEF0EA4EA}.Debug|Any CPU.Build.0 = Debug|Any CPU
		{84B4C7D5-6148-4782-AE3B-BB1AEF0EA4EA}.Release|Any CPU.ActiveCfg = Release|Any CPU
		{84B4C7D5-6148-4782-AE3B-BB1AEF0EA4EA}.Release|Any CPU.Build.0 = Release|Any CPU
	EndGlobalSection
	GlobalSection(SolutionProperties) = preSolution
		HideSolutionNode = FALSE
	EndGlobalSection
	GlobalSection(ExtensibilityGlobals) = postSolution
		SolutionGuid = {5EFEA9C7-CEA3-4D9E-B292-9E737129F64D}
	EndGlobalSection
EndGlobal
