
Microsoft Visual Studio Solution File, Format Version 12.00
# Visual Studio Version 17
VisualStudioVersion = 17.13.35931.197 d17.13
MinimumVisualStudioVersion = 10.0.40219.1
Project("{FAE04EC0-301F-11D3-BF4B-00C04F79EFBC}") = "AoC_2024_22", "AoC_2024_22\AoC_2024_22.csproj", "{D5CC99B6-7103-44FF-A2A7-BDE169403F0B}"
EndProject
Global
	GlobalSection(SolutionConfigurationPlatforms) = preSolution
		Debug|Any CPU = Debug|Any CPU
		Release|Any CPU = Release|Any CPU
	EndGlobalSection
	GlobalSection(ProjectConfigurationPlatforms) = postSolution
		{D5CC99B6-7103-44FF-A2A7-BDE169403F0B}.Debug|Any CPU.ActiveCfg = Debug|Any CPU
		{D5CC99B6-7103-44FF-A2A7-BDE169403F0B}.Debug|Any CPU.Build.0 = Debug|Any CPU
		{D5CC99B6-7103-44FF-A2A7-BDE169403F0B}.Release|Any CPU.ActiveCfg = Release|Any CPU
		{D5CC99B6-7103-44FF-A2A7-BDE169403F0B}.Release|Any CPU.Build.0 = Release|Any CPU
	EndGlobalSection
	GlobalSection(SolutionProperties) = preSolution
		HideSolutionNode = FALSE
	EndGlobalSection
	GlobalSection(ExtensibilityGlobals) = postSolution
		SolutionGuid = {D05D87A8-DF6D-4963-ACBB-46C3A2DF293A}
	EndGlobalSection
EndGlobal
